
Microsoft Visual Studio Solution File, Format Version 12.00
# Visual Studio Express 2012 for Windows Desktop
Project("{FAE04EC0-301F-11D3-BF4B-00C04F79EFBC}") = "HomeworkDay2", "HomeworkDay2\HomeworkDay2.csproj", "{6381536B-D7F0-4206-81FC-DD7F3E902B04}"
EndProject
Global
	GlobalSection(SolutionConfigurationPlatforms) = preSolution
		Debug|Any CPU = Debug|Any CPU
		Release|Any CPU = Release|Any CPU
	EndGlobalSection
	GlobalSection(ProjectConfigurationPlatforms) = postSolution
		{6381536B-D7F0-4206-81FC-DD7F3E902B04}.Debug|Any CPU.ActiveCfg = Debug|Any CPU
		{6381536B-D7F0-4206-81FC-DD7F3E902B04}.Debug|Any CPU.Build.0 = Debug|Any CPU
		{6381536B-D7F0-4206-81FC-DD7F3E902B04}.Release|Any CPU.ActiveCfg = Release|Any CPU
		{6381536B-D7F0-4206-81FC-DD7F3E902B04}.Release|Any CPU.Build.0 = Release|Any CPU
	EndGlobalSection
	GlobalSection(SolutionProperties) = preSolution
		HideSolutionNode = FALSE
	EndGlobalSection
EndGlobal
